
Microsoft Visual Studio Solution File, Format Version 12.00
# Visual Studio Version 16
VisualStudioVersion = 16.0.32002.261
MinimumVisualStudioVersion = 10.0.40219.1
Project("{FAE04EC0-301F-11D3-BF4B-00C04F79EFBC}") = "Mission4", "Mission4\Mission4.csproj", "{2DB7DD75-8601-4457-A979-61943AE60940}"
EndProject
Global
	GlobalSection(SolutionConfigurationPlatforms) = preSolution
		Debug|Any CPU = Debug|Any CPU
		Release|Any CPU = Release|Any CPU
	EndGlobalSection
	GlobalSection(ProjectConfigurationPlatforms) = postSolution
		{2DB7DD75-8601-4457-A979-61943AE60940}.Debug|Any CPU.ActiveCfg = Debug|Any CPU
		{2DB7DD75-8601-4457-A979-61943AE60940}.Debug|Any CPU.Build.0 = Debug|Any CPU
		{2DB7DD75-8601-4457-A979-61943AE60940}.Release|Any CPU.ActiveCfg = Release|Any CPU
		{2DB7DD75-8601-4457-A979-61943AE60940}.Release|Any CPU.Build.0 = Release|Any CPU
	EndGlobalSection
	GlobalSection(SolutionProperties) = preSolution
		HideSolutionNode = FALSE
	EndGlobalSection
	GlobalSection(ExtensibilityGlobals) = postSolution
		SolutionGuid = {5627AED2-2F39-4F3D-9368-46AB4B59D989}
	EndGlobalSection
EndGlobal
